Microsoft Visual Studio Solution File, Format Version 12.00
# Visual Studio Version 17
VisualStudioVersion = 17.5.2.0
MinimumVisualStudioVersion = 10.0.40219.1
Project("{FAE04EC0-301F-11D3-BF4B-00C04F79EFBC}") = "DoAnTotNghiep", "DoAnTotNghiep.csproj", "{F90F0C7B-7B44-9FB3-6F53-ED5938AE6DE8}"
EndProject
Global
	GlobalSection(SolutionConfigurationPlatforms) = preSolution
		Debug|Any CPU = Debug|Any CPU
		Release|Any CPU = Release|Any CPU
	EndGlobalSection
	GlobalSection(ProjectConfigurationPlatforms) = postSolution
		{F90F0C7B-7B44-9FB3-6F53-ED5938AE6DE8}.Debug|Any CPU.ActiveCfg = Debug|Any CPU
		{F90F0C7B-7B44-9FB3-6F53-ED5938AE6DE8}.Debug|Any CPU.Build.0 = Debug|Any CPU
		{F90F0C7B-7B44-9FB3-6F53-ED5938AE6DE8}.Release|Any CPU.ActiveCfg = Release|Any CPU
		{F90F0C7B-7B44-9FB3-6F53-ED5938AE6DE8}.Release|Any CPU.Build.0 = Release|Any CPU
	EndGlobalSection
	GlobalSection(SolutionProperties) = preSolution
		HideSolutionNode = FALSE
	EndGlobalSection
	GlobalSection(ExtensibilityGlobals) = postSolution
		SolutionGuid = {C1747760-7D99-426A-8DC5-CEA26CA6D095}
	EndGlobalSection
EndGlobal
